
Microsoft Visual Studio Solution File, Format Version 12.00
# Visual Studio Version 16
VisualStudioVersion = 16.0.31515.178
MinimumVisualStudioVersion = 10.0.40219.1
Project("{FAE04EC0-301F-11D3-BF4B-00C04F79EFBC}") = "CP380-PubsWeb", "CP380-PubsWeb\CP380-PubsWeb.csproj", "{3CAEAF4A-D05E-4693-B91E-A9A93588B551}"
EndProject
Project("{9A19103F-16F7-4668-BE54-9A1E7A4F7556}") = "CP380-PubsLab", "CP380-PubsLab\CP380-PubsLab.csproj", "{AA527AAA-4360-483E-A324-F0EC270366BF}"
EndProject
Global
	GlobalSection(SolutionConfigurationPlatforms) = preSolution
		Debug|Any CPU = Debug|Any CPU
		Release|Any CPU = Release|Any CPU
	EndGlobalSection
	GlobalSection(ProjectConfigurationPlatforms) = postSolution
		{3CAEAF4A-D05E-4693-B91E-A9A93588B551}.Debug|Any CPU.ActiveCfg = Debug|Any CPU
		{3CAEAF4A-D05E-4693-B91E-A9A93588B551}.Debug|Any CPU.Build.0 = Debug|Any CPU
		{3CAEAF4A-D05E-4693-B91E-A9A93588B551}.Release|Any CPU.ActiveCfg = Release|Any CPU
		{3CAEAF4A-D05E-4693-B91E-A9A93588B551}.Release|Any CPU.Build.0 = Release|Any CPU
		{AA527AAA-4360-483E-A324-F0EC270366BF}.Debug|Any CPU.ActiveCfg = Debug|Any CPU
		{AA527AAA-4360-483E-A324-F0EC270366BF}.Debug|Any CPU.Build.0 = Debug|Any CPU
		{AA527AAA-4360-483E-A324-F0EC270366BF}.Release|Any CPU.ActiveCfg = Release|Any CPU
		{AA527AAA-4360-483E-A324-F0EC270366BF}.Release|Any CPU.Build.0 = Release|Any CPU
	EndGlobalSection
	GlobalSection(SolutionProperties) = preSolution
		HideSolutionNode = FALSE
	EndGlobalSection
	GlobalSection(ExtensibilityGlobals) = postSolution
		SolutionGuid = {4237E1A1-320B-40FF-BA1A-08B179D96D17}
	EndGlobalSection
EndGlobal
